
Microsoft Visual Studio Solution File, Format Version 10.00
# Visual C# Express 2008
Project("{FAE04EC0-301F-11D3-BF4B-00C04F79EFBC}") = "AEWizard", "AEWizard\AEWizard.csproj", "{79EFFB38-252C-4B06-BD4E-7C7FDE0A20DC}"
EndProject
Global
	GlobalSection(SolutionConfigurationPlatforms) = preSolution
		Debug|Any CPU = Debug|Any CPU
		Release|Any CPU = Release|Any CPU
	EndGlobalSection
	GlobalSection(ProjectConfigurationPlatforms) = postSolution
		{79EFFB38-252C-4B06-BD4E-7C7FDE0A20DC}.Debug|Any CPU.ActiveCfg = Debug|Any CPU
		{79EFFB38-252C-4B06-BD4E-7C7FDE0A20DC}.Debug|Any CPU.Build.0 = Debug|Any CPU
		{79EFFB38-252C-4B06-BD4E-7C7FDE0A20DC}.Release|Any CPU.ActiveCfg = Release|Any CPU
		{79EFFB38-252C-4B06-BD4E-7C7FDE0A20DC}.Release|Any CPU.Build.0 = Release|Any CPU
	EndGlobalSection
	GlobalSection(SolutionProperties) = preSolution
		HideSolutionNode = FALSE
	EndGlobalSection
EndGlobal
