
Microsoft Visual Studio Solution File, Format Version 10.00
# Visual C# Express 2008
Project("{FAE04EC0-301F-11D3-BF4B-00C04F79EFBC}") = "ORArchitecture", "ORArchitecture.csproj", "{20226DE9-0971-4055-AABE-0A5138E697C9}"
EndProject
Global
	GlobalSection(SolutionConfigurationPlatforms) = preSolution
		Debug|Any CPU = Debug|Any CPU
		Release|Any CPU = Release|Any CPU
	EndGlobalSection
	GlobalSection(ProjectConfigurationPlatforms) = postSolution
		{20226DE9-0971-4055-AABE-0A5138E697C9}.Debug|Any CPU.ActiveCfg = Debug|Any CPU
		{20226DE9-0971-4055-AABE-0A5138E697C9}.Debug|Any CPU.Build.0 = Debug|Any CPU
		{20226DE9-0971-4055-AABE-0A5138E697C9}.Release|Any CPU.ActiveCfg = Release|Any CPU
		{20226DE9-0971-4055-AABE-0A5138E697C9}.Release|Any CPU.Build.0 = Release|Any CPU
	EndGlobalSection
	GlobalSection(SolutionProperties) = preSolution
		HideSolutionNode = FALSE
	EndGlobalSection
EndGlobal
