
Microsoft Visual Studio Solution File, Format Version 12.00
# Visual Studio 15
VisualStudioVersion = 15.0.28307.489
MinimumVisualStudioVersion = 10.0.40219.1
Project("{FAE04EC0-301F-11D3-BF4B-00C04F79EFBC}") = "GNU.Gettext", "GNU.Gettext\GNU.Gettext.csproj", "{6996D99C-2E0F-4EDA-9FF0-BB45F81EADC8}"
EndProject
Project("{FAE04EC0-301F-11D3-BF4B-00C04F79EFBC}") = "GNU.Gettext.Msgfmt", "GNU.Gettext.Msgfmt\GNU.Gettext.Msgfmt.csproj", "{2E98861E-D84B-4F9D-9000-EC9744770769}"
EndProject
Project("{FAE04EC0-301F-11D3-BF4B-00C04F79EFBC}") = "GNU.Getopt", "..\GNU.Getopt\GNU.Getopt.csproj", "{24BE81B3-C22E-448B-A892-AAF95AB28747}"
EndProject
Project("{FAE04EC0-301F-11D3-BF4B-00C04F79EFBC}") = "Examples.Hello", "Examples.Hello\Examples.Hello.csproj", "{5B5BB7C9-4972-4269-92AC-E041F3A2DF0F}"
EndProject
Project("{FAE04EC0-301F-11D3-BF4B-00C04F79EFBC}") = "Examples.HelloForms", "Examples.HelloForms\Examples.HelloForms.csproj", "{D7DC509C-6BD5-4627-92A8-5CF39A2A41BC}"
EndProject
Project("{FAE04EC0-301F-11D3-BF4B-00C04F79EFBC}") = "GNU.Gettext.Test", "GNU.Gettext.Test\GNU.Gettext.Test.csproj", "{40A18DF7-3926-4AC4-8726-581F5C39082D}"
EndProject
Project("{FAE04EC0-301F-11D3-BF4B-00C04F79EFBC}") = "GNU.Gettext.Xgettext", "GNU.Gettext.Xgettext\GNU.Gettext.Xgettext.csproj", "{69B39E65-093E-417A-BFC9-B1CF7B981680}"
EndProject
Project("{FAE04EC0-301F-11D3-BF4B-00C04F79EFBC}") = "GNU.Gettext.WinForms", "GNU.Gettext.WinForms\GNU.Gettext.WinForms.csproj", "{A458C869-B3C4-4130-8D3F-00F44548DD5C}"
EndProject
Global
	GlobalSection(SolutionConfigurationPlatforms) = preSolution
		Debug|Any CPU = Debug|Any CPU
		Release|Any CPU = Release|Any CPU
	EndGlobalSection
	GlobalSection(ProjectConfigurationPlatforms) = postSolution
		{6996D99C-2E0F-4EDA-9FF0-BB45F81EADC8}.Debug|Any CPU.ActiveCfg = Debug|Any CPU
		{6996D99C-2E0F-4EDA-9FF0-BB45F81EADC8}.Debug|Any CPU.Build.0 = Debug|Any CPU
		{6996D99C-2E0F-4EDA-9FF0-BB45F81EADC8}.Release|Any CPU.ActiveCfg = Release|Any CPU
		{6996D99C-2E0F-4EDA-9FF0-BB45F81EADC8}.Release|Any CPU.Build.0 = Release|Any CPU
		{2E98861E-D84B-4F9D-9000-EC9744770769}.Debug|Any CPU.ActiveCfg = Debug|Any CPU
		{2E98861E-D84B-4F9D-9000-EC9744770769}.Debug|Any CPU.Build.0 = Debug|Any CPU
		{2E98861E-D84B-4F9D-9000-EC9744770769}.Release|Any CPU.ActiveCfg = Release|Any CPU
		{2E98861E-D84B-4F9D-9000-EC9744770769}.Release|Any CPU.Build.0 = Release|Any CPU
		{24BE81B3-C22E-448B-A892-AAF95AB28747}.Debug|Any CPU.ActiveCfg = Debug|Any CPU
		{24BE81B3-C22E-448B-A892-AAF95AB28747}.Debug|Any CPU.Build.0 = Debug|Any CPU
		{24BE81B3-C22E-448B-A892-AAF95AB28747}.Release|Any CPU.ActiveCfg = Release|Any CPU
		{24BE81B3-C22E-448B-A892-AAF95AB28747}.Release|Any CPU.Build.0 = Release|Any CPU
		{5B5BB7C9-4972-4269-92AC-E041F3A2DF0F}.Debug|Any CPU.ActiveCfg = Debug|Any CPU
		{5B5BB7C9-4972-4269-92AC-E041F3A2DF0F}.Debug|Any CPU.Build.0 = Debug|Any CPU
		{5B5BB7C9-4972-4269-92AC-E041F3A2DF0F}.Release|Any CPU.ActiveCfg = Release|Any CPU
		{5B5BB7C9-4972-4269-92AC-E041F3A2DF0F}.Release|Any CPU.Build.0 = Release|Any CPU
		{D7DC509C-6BD5-4627-92A8-5CF39A2A41BC}.Debug|Any CPU.ActiveCfg = Debug|Any CPU
		{D7DC509C-6BD5-4627-92A8-5CF39A2A41BC}.Debug|Any CPU.Build.0 = Debug|Any CPU
		{D7DC509C-6BD5-4627-92A8-5CF39A2A41BC}.Release|Any CPU.ActiveCfg = Release|Any CPU
		{D7DC509C-6BD5-4627-92A8-5CF39A2A41BC}.Release|Any CPU.Build.0 = Release|Any CPU
		{40A18DF7-3926-4AC4-8726-581F5C39082D}.Debug|Any CPU.ActiveCfg = Debug|Any CPU
		{40A18DF7-3926-4AC4-8726-581F5C39082D}.Debug|Any CPU.Build.0 = Debug|Any CPU
		{40A18DF7-3926-4AC4-8726-581F5C39082D}.Release|Any CPU.ActiveCfg = Release|Any CPU
		{40A18DF7-3926-4AC4-8726-581F5C39082D}.Release|Any CPU.Build.0 = Release|Any CPU
		{69B39E65-093E-417A-BFC9-B1CF7B981680}.Debug|Any CPU.ActiveCfg = Debug|Any CPU
		{69B39E65-093E-417A-BFC9-B1CF7B981680}.Debug|Any CPU.Build.0 = Debug|Any CPU
		{69B39E65-093E-417A-BFC9-B1CF7B981680}.Release|Any CPU.ActiveCfg = Release|Any CPU
		{69B39E65-093E-417A-BFC9-B1CF7B981680}.Release|Any CPU.Build.0 = Release|Any CPU
		{A458C869-B3C4-4130-8D3F-00F44548DD5C}.Debug|Any CPU.ActiveCfg = Debug|Any CPU
		{A458C869-B3C4-4130-8D3F-00F44548DD5C}.Debug|Any CPU.Build.0 = Debug|Any CPU
		{A458C869-B3C4-4130-8D3F-00F44548DD5C}.Release|Any CPU.ActiveCfg = Release|Any CPU
		{A458C869-B3C4-4130-8D3F-00F44548DD5C}.Release|Any CPU.Build.0 = Release|Any CPU
	EndGlobalSection
	GlobalSection(SolutionProperties) = preSolution
		HideSolutionNode = FALSE
	EndGlobalSection
	GlobalSection(ExtensibilityGlobals) = postSolution
		SolutionGuid = {7BA2E0FC-0C93-43F8-AC6B-24CBD3D1BBE0}
	EndGlobalSection
	GlobalSection(MonoDevelopProperties) = preSolution
		StartupItem = GNU.Gettext.Msgfmt\GNU.Gettext.Msgfmt.csproj
	EndGlobalSection
EndGlobal
