
Microsoft Visual Studio Solution File, Format Version 10.00
# Visual C# Express 2008
Project("{FAE04EC0-301F-11D3-BF4B-00C04F79EFBC}") = "LibAE", "LibAE.csproj", "{B79691A7-BF8C-40B4-ADE0-5F30F2730414}"
EndProject
Project("{FAE04EC0-301F-11D3-BF4B-00C04F79EFBC}") = "RunActivity", "..\..\RunActivity\RunActivity.csproj", "{9BE44F64-417D-4AA6-AF4D-2A6A0CBC814D}"
EndProject
Project("{FAE04EC0-301F-11D3-BF4B-00C04F79EFBC}") = "ActivityEditor", "..\ActivityEditor.csproj", "{306C904F-BE41-4B39-A0C4-51068B7F205E}"
EndProject
Project("{FAE04EC0-301F-11D3-BF4B-00C04F79EFBC}") = "MSTSdata", "..\..\MSTS\MSTSdata\MSTSdata.csproj", "{CC444010-8E14-4EBF-A1F3-C94E3D25E257}"
EndProject
Global
	GlobalSection(SolutionConfigurationPlatforms) = preSolution
		Debug|Any CPU = Debug|Any CPU
		Debug|Mixed Platforms = Debug|Mixed Platforms
		Debug|x86 = Debug|x86
		Release|Any CPU = Release|Any CPU
		Release|Mixed Platforms = Release|Mixed Platforms
		Release|x86 = Release|x86
	EndGlobalSection
	GlobalSection(ProjectConfigurationPlatforms) = postSolution
		{B79691A7-BF8C-40B4-ADE0-5F30F2730414}.Debug|Any CPU.ActiveCfg = Debug|Any CPU
		{B79691A7-BF8C-40B4-ADE0-5F30F2730414}.Debug|Any CPU.Build.0 = Debug|Any CPU
		{B79691A7-BF8C-40B4-ADE0-5F30F2730414}.Debug|Mixed Platforms.ActiveCfg = Debug|x86
		{B79691A7-BF8C-40B4-ADE0-5F30F2730414}.Debug|Mixed Platforms.Build.0 = Debug|x86
		{B79691A7-BF8C-40B4-ADE0-5F30F2730414}.Debug|x86.ActiveCfg = Debug|x86
		{B79691A7-BF8C-40B4-ADE0-5F30F2730414}.Debug|x86.Build.0 = Debug|x86
		{B79691A7-BF8C-40B4-ADE0-5F30F2730414}.Release|Any CPU.ActiveCfg = Release|Any CPU
		{B79691A7-BF8C-40B4-ADE0-5F30F2730414}.Release|Any CPU.Build.0 = Release|Any CPU
		{B79691A7-BF8C-40B4-ADE0-5F30F2730414}.Release|Mixed Platforms.ActiveCfg = Release|x86
		{B79691A7-BF8C-40B4-ADE0-5F30F2730414}.Release|Mixed Platforms.Build.0 = Release|x86
		{B79691A7-BF8C-40B4-ADE0-5F30F2730414}.Release|x86.ActiveCfg = Release|x86
		{B79691A7-BF8C-40B4-ADE0-5F30F2730414}.Release|x86.Build.0 = Release|x86
		{9BE44F64-417D-4AA6-AF4D-2A6A0CBC814D}.Debug|Any CPU.ActiveCfg = Debug|x86
		{9BE44F64-417D-4AA6-AF4D-2A6A0CBC814D}.Debug|Mixed Platforms.ActiveCfg = Debug|x86
		{9BE44F64-417D-4AA6-AF4D-2A6A0CBC814D}.Debug|Mixed Platforms.Build.0 = Debug|x86
		{9BE44F64-417D-4AA6-AF4D-2A6A0CBC814D}.Debug|x86.ActiveCfg = Debug|x86
		{9BE44F64-417D-4AA6-AF4D-2A6A0CBC814D}.Debug|x86.Build.0 = Debug|x86
		{9BE44F64-417D-4AA6-AF4D-2A6A0CBC814D}.Release|Any CPU.ActiveCfg = Release|x86
		{9BE44F64-417D-4AA6-AF4D-2A6A0CBC814D}.Release|Mixed Platforms.ActiveCfg = Release|x86
		{9BE44F64-417D-4AA6-AF4D-2A6A0CBC814D}.Release|Mixed Platforms.Build.0 = Release|x86
		{9BE44F64-417D-4AA6-AF4D-2A6A0CBC814D}.Release|x86.ActiveCfg = Release|x86
		{9BE44F64-417D-4AA6-AF4D-2A6A0CBC814D}.Release|x86.Build.0 = Release|x86
		{306C904F-BE41-4B39-A0C4-51068B7F205E}.Debug|Any CPU.ActiveCfg = Debug|Any CPU
		{306C904F-BE41-4B39-A0C4-51068B7F205E}.Debug|Any CPU.Build.0 = Debug|Any CPU
		{306C904F-BE41-4B39-A0C4-51068B7F205E}.Debug|Mixed Platforms.ActiveCfg = Debug|x86
		{306C904F-BE41-4B39-A0C4-51068B7F205E}.Debug|Mixed Platforms.Build.0 = Debug|x86
		{306C904F-BE41-4B39-A0C4-51068B7F205E}.Debug|x86.ActiveCfg = Debug|x86
		{306C904F-BE41-4B39-A0C4-51068B7F205E}.Debug|x86.Build.0 = Debug|x86
		{306C904F-BE41-4B39-A0C4-51068B7F205E}.Release|Any CPU.ActiveCfg = Release|Any CPU
		{306C904F-BE41-4B39-A0C4-51068B7F205E}.Release|Any CPU.Build.0 = Release|Any CPU
		{306C904F-BE41-4B39-A0C4-51068B7F205E}.Release|Mixed Platforms.ActiveCfg = Release|x86
		{306C904F-BE41-4B39-A0C4-51068B7F205E}.Release|Mixed Platforms.Build.0 = Release|x86
		{306C904F-BE41-4B39-A0C4-51068B7F205E}.Release|x86.ActiveCfg = Release|x86
		{306C904F-BE41-4B39-A0C4-51068B7F205E}.Release|x86.Build.0 = Release|x86
		{CC444010-8E14-4EBF-A1F3-C94E3D25E257}.Debug|Any CPU.ActiveCfg = Debug|Any CPU
		{CC444010-8E14-4EBF-A1F3-C94E3D25E257}.Debug|Any CPU.Build.0 = Debug|Any CPU
		{CC444010-8E14-4EBF-A1F3-C94E3D25E257}.Debug|Mixed Platforms.ActiveCfg = Debug|Any CPU
		{CC444010-8E14-4EBF-A1F3-C94E3D25E257}.Debug|Mixed Platforms.Build.0 = Debug|Any CPU
		{CC444010-8E14-4EBF-A1F3-C94E3D25E257}.Debug|x86.ActiveCfg = Debug|Any CPU
		{CC444010-8E14-4EBF-A1F3-C94E3D25E257}.Release|Any CPU.ActiveCfg = Release|Any CPU
		{CC444010-8E14-4EBF-A1F3-C94E3D25E257}.Release|Any CPU.Build.0 = Release|Any CPU
		{CC444010-8E14-4EBF-A1F3-C94E3D25E257}.Release|Mixed Platforms.ActiveCfg = Release|Any CPU
		{CC444010-8E14-4EBF-A1F3-C94E3D25E257}.Release|Mixed Platforms.Build.0 = Release|Any CPU
		{CC444010-8E14-4EBF-A1F3-C94E3D25E257}.Release|x86.ActiveCfg = Release|Any CPU
	EndGlobalSection
	GlobalSection(SolutionProperties) = preSolution
		HideSolutionNode = FALSE
	EndGlobalSection
EndGlobal
