
Microsoft Visual Studio Solution File, Format Version 10.00
# Visual Studio 2008
Project("{FAE04EC0-301F-11D3-BF4B-00C04F79EFBC}") = "RunActivity", "RunActivity\RunActivity.csproj", "{9BE44F64-417D-4AA6-AF4D-2A6A0CBC814D}"
EndProject
Project("{FAE04EC0-301F-11D3-BF4B-00C04F79EFBC}") = "Menu", "Menu\Menu.csproj", "{5EA53243-5C52-4F9C-A730-C35F6C68FB74}"
EndProject
Project("{FAE04EC0-301F-11D3-BF4B-00C04F79EFBC}") = "Launcher", "Launcher\Launcher.csproj", "{7027354D-7C20-4514-BCEB-177CD7D58952}"
EndProject
Project("{FAE04EC0-301F-11D3-BF4B-00C04F79EFBC}") = "Tests", "Tests\Tests.csproj", "{2B0A170A-878A-4114-BB28-7306C713E185}"
EndProject
Project("{FAE04EC0-301F-11D3-BF4B-00C04F79EFBC}") = "ORTS.Common", "ORTS.Common\ORTS.Common.csproj", "{DA94D876-7D35-46C3-AECE-AFACE72C686C}"
EndProject
Project("{FAE04EC0-301F-11D3-BF4B-00C04F79EFBC}") = "ORTS.IO", "ORTS.IO\ORTS.IO.csproj", "{6AB8B673-5775-4536-A58A-BA0A15899583}"
EndProject
Project("{FAE04EC0-301F-11D3-BF4B-00C04F79EFBC}") = "MSTS.Parsers", "MSTS.Parsers\MSTS.Parsers.csproj", "{8A84696C-3559-49B8-B27F-BB6932D8A1C6}"
EndProject
Project("{FAE04EC0-301F-11D3-BF4B-00C04F79EFBC}") = "MSTS.Formats", "MSTS.Formats\MSTS.Formats.csproj", "{570709FA-0C8A-4B1D-BA2D-D9455AFD9B5C}"
EndProject
Project("{FAE04EC0-301F-11D3-BF4B-00C04F79EFBC}") = "ORTS.Menu", "ORTS.Menu\ORTS.Menu.csproj", "{1C5B0B41-2FE9-41C9-8B21-CCDCBEB3DDA5}"
EndProject
Project("{FAE04EC0-301F-11D3-BF4B-00C04F79EFBC}") = "ORTS.Content", "ORTS.Content\ORTS.Content.csproj", "{812685A7-2683-4102-A3CA-2A5CED2E61EE}"
EndProject
Project("{FAE04EC0-301F-11D3-BF4B-00C04F79EFBC}") = "ORTS.Settings", "ORTS.Settings\ORTS.Settings.csproj", "{67F84996-8769-4FD8-819B-464AF269037B}"
EndProject
Project("{FAE04EC0-301F-11D3-BF4B-00C04F79EFBC}") = "ORTS.Parsers", "ORTS.Parsers\ORTS.Parsers.csproj", "{4350C375-D3D4-42A5-BF28-83854F17F569}"
EndProject
Project("{FAE04EC0-301F-11D3-BF4B-00C04F79EFBC}") = "ORTS.Formats", "ORTS.Formats\ORTS.Formats.csproj", "{0D8D312B-2C02-4B77-A795-566394A9DB95}"
EndProject
Project("{FAE04EC0-301F-11D3-BF4B-00C04F79EFBC}") = "ORTS.Updater", "ORTS.Updater\ORTS.Updater.csproj", "{88108A94-0389-43FF-A75C-C55BD202FC8D}"
EndProject
Project("{FAE04EC0-301F-11D3-BF4B-00C04F79EFBC}") = "TrackViewer", "Contrib\TrackViewer\TrackViewer.csproj", "{79C3A70B-7535-40CB-8448-91AB87CBAE44}"
EndProject
Global
	GlobalSection(SolutionConfigurationPlatforms) = preSolution
		Debug|Mixed Platforms = Debug|Mixed Platforms
		Release|Mixed Platforms = Release|Mixed Platforms
	EndGlobalSection
	GlobalSection(ProjectConfigurationPlatforms) = postSolution
		{9BE44F64-417D-4AA6-AF4D-2A6A0CBC814D}.Debug|Mixed Platforms.ActiveCfg = Debug|x86
		{9BE44F64-417D-4AA6-AF4D-2A6A0CBC814D}.Debug|Mixed Platforms.Build.0 = Debug|x86
		{9BE44F64-417D-4AA6-AF4D-2A6A0CBC814D}.Release|Mixed Platforms.ActiveCfg = Release|x86
		{9BE44F64-417D-4AA6-AF4D-2A6A0CBC814D}.Release|Mixed Platforms.Build.0 = Release|x86
		{5EA53243-5C52-4F9C-A730-C35F6C68FB74}.Debug|Mixed Platforms.ActiveCfg = Debug|x86
		{5EA53243-5C52-4F9C-A730-C35F6C68FB74}.Debug|Mixed Platforms.Build.0 = Debug|x86
		{5EA53243-5C52-4F9C-A730-C35F6C68FB74}.Release|Mixed Platforms.ActiveCfg = Release|x86
		{5EA53243-5C52-4F9C-A730-C35F6C68FB74}.Release|Mixed Platforms.Build.0 = Release|x86
		{7027354D-7C20-4514-BCEB-177CD7D58952}.Debug|Mixed Platforms.ActiveCfg = Debug|Any CPU
		{7027354D-7C20-4514-BCEB-177CD7D58952}.Debug|Mixed Platforms.Build.0 = Debug|Any CPU
		{7027354D-7C20-4514-BCEB-177CD7D58952}.Release|Mixed Platforms.ActiveCfg = Release|Any CPU
		{7027354D-7C20-4514-BCEB-177CD7D58952}.Release|Mixed Platforms.Build.0 = Release|Any CPU
		{2B0A170A-878A-4114-BB28-7306C713E185}.Debug|Mixed Platforms.ActiveCfg = Debug|x86
		{2B0A170A-878A-4114-BB28-7306C713E185}.Debug|Mixed Platforms.Build.0 = Debug|x86
		{2B0A170A-878A-4114-BB28-7306C713E185}.Release|Mixed Platforms.ActiveCfg = Release|x86
		{2B0A170A-878A-4114-BB28-7306C713E185}.Release|Mixed Platforms.Build.0 = Release|x86
		{DA94D876-7D35-46C3-AECE-AFACE72C686C}.Debug|Mixed Platforms.ActiveCfg = Debug|Any CPU
		{DA94D876-7D35-46C3-AECE-AFACE72C686C}.Debug|Mixed Platforms.Build.0 = Debug|Any CPU
		{DA94D876-7D35-46C3-AECE-AFACE72C686C}.Release|Mixed Platforms.ActiveCfg = Release|Any CPU
		{DA94D876-7D35-46C3-AECE-AFACE72C686C}.Release|Mixed Platforms.Build.0 = Release|Any CPU
		{6AB8B673-5775-4536-A58A-BA0A15899583}.Debug|Mixed Platforms.ActiveCfg = Debug|Any CPU
		{6AB8B673-5775-4536-A58A-BA0A15899583}.Debug|Mixed Platforms.Build.0 = Debug|Any CPU
		{6AB8B673-5775-4536-A58A-BA0A15899583}.Release|Mixed Platforms.ActiveCfg = Release|Any CPU
		{6AB8B673-5775-4536-A58A-BA0A15899583}.Release|Mixed Platforms.Build.0 = Release|Any CPU
		{8A84696C-3559-49B8-B27F-BB6932D8A1C6}.Debug|Mixed Platforms.ActiveCfg = Debug|Any CPU
		{8A84696C-3559-49B8-B27F-BB6932D8A1C6}.Debug|Mixed Platforms.Build.0 = Debug|Any CPU
		{8A84696C-3559-49B8-B27F-BB6932D8A1C6}.Release|Mixed Platforms.ActiveCfg = Release|Any CPU
		{8A84696C-3559-49B8-B27F-BB6932D8A1C6}.Release|Mixed Platforms.Build.0 = Release|Any CPU
		{570709FA-0C8A-4B1D-BA2D-D9455AFD9B5C}.Debug|Mixed Platforms.ActiveCfg = Debug|Any CPU
		{570709FA-0C8A-4B1D-BA2D-D9455AFD9B5C}.Debug|Mixed Platforms.Build.0 = Debug|Any CPU
		{570709FA-0C8A-4B1D-BA2D-D9455AFD9B5C}.Release|Mixed Platforms.ActiveCfg = Release|Any CPU
		{570709FA-0C8A-4B1D-BA2D-D9455AFD9B5C}.Release|Mixed Platforms.Build.0 = Release|Any CPU
		{1C5B0B41-2FE9-41C9-8B21-CCDCBEB3DDA5}.Debug|Mixed Platforms.ActiveCfg = Debug|Any CPU
		{1C5B0B41-2FE9-41C9-8B21-CCDCBEB3DDA5}.Debug|Mixed Platforms.Build.0 = Debug|Any CPU
		{1C5B0B41-2FE9-41C9-8B21-CCDCBEB3DDA5}.Release|Mixed Platforms.ActiveCfg = Release|Any CPU
		{1C5B0B41-2FE9-41C9-8B21-CCDCBEB3DDA5}.Release|Mixed Platforms.Build.0 = Release|Any CPU
		{812685A7-2683-4102-A3CA-2A5CED2E61EE}.Debug|Mixed Platforms.ActiveCfg = Debug|Any CPU
		{812685A7-2683-4102-A3CA-2A5CED2E61EE}.Debug|Mixed Platforms.Build.0 = Debug|Any CPU
		{812685A7-2683-4102-A3CA-2A5CED2E61EE}.Release|Mixed Platforms.ActiveCfg = Release|Any CPU
		{812685A7-2683-4102-A3CA-2A5CED2E61EE}.Release|Mixed Platforms.Build.0 = Release|Any CPU
		{67F84996-8769-4FD8-819B-464AF269037B}.Debug|Mixed Platforms.ActiveCfg = Debug|Any CPU
		{67F84996-8769-4FD8-819B-464AF269037B}.Debug|Mixed Platforms.Build.0 = Debug|Any CPU
		{67F84996-8769-4FD8-819B-464AF269037B}.Release|Mixed Platforms.ActiveCfg = Release|Any CPU
		{67F84996-8769-4FD8-819B-464AF269037B}.Release|Mixed Platforms.Build.0 = Release|Any CPU
		{4350C375-D3D4-42A5-BF28-83854F17F569}.Debug|Mixed Platforms.ActiveCfg = Debug|Any CPU
		{4350C375-D3D4-42A5-BF28-83854F17F569}.Debug|Mixed Platforms.Build.0 = Debug|Any CPU
		{4350C375-D3D4-42A5-BF28-83854F17F569}.Release|Mixed Platforms.ActiveCfg = Release|Any CPU
		{4350C375-D3D4-42A5-BF28-83854F17F569}.Release|Mixed Platforms.Build.0 = Release|Any CPU
		{0D8D312B-2C02-4B77-A795-566394A9DB95}.Debug|Mixed Platforms.ActiveCfg = Debug|Any CPU
		{0D8D312B-2C02-4B77-A795-566394A9DB95}.Debug|Mixed Platforms.Build.0 = Debug|Any CPU
		{0D8D312B-2C02-4B77-A795-566394A9DB95}.Release|Mixed Platforms.ActiveCfg = Release|Any CPU
		{0D8D312B-2C02-4B77-A795-566394A9DB95}.Release|Mixed Platforms.Build.0 = Release|Any CPU
		{88108A94-0389-43FF-A75C-C55BD202FC8D}.Debug|Mixed Platforms.ActiveCfg = Debug|Any CPU
		{88108A94-0389-43FF-A75C-C55BD202FC8D}.Debug|Mixed Platforms.Build.0 = Debug|Any CPU
		{88108A94-0389-43FF-A75C-C55BD202FC8D}.Release|Mixed Platforms.ActiveCfg = Release|Any CPU
		{88108A94-0389-43FF-A75C-C55BD202FC8D}.Release|Mixed Platforms.Build.0 = Release|Any CPU
		{79C3A70B-7535-40CB-8448-91AB87CBAE44}.Debug|Mixed Platforms.ActiveCfg = Debug|x86
		{79C3A70B-7535-40CB-8448-91AB87CBAE44}.Debug|Mixed Platforms.Build.0 = Debug|x86
		{79C3A70B-7535-40CB-8448-91AB87CBAE44}.Release|Mixed Platforms.ActiveCfg = Release|x86
		{79C3A70B-7535-40CB-8448-91AB87CBAE44}.Release|Mixed Platforms.Build.0 = Release|x86
	EndGlobalSection
	GlobalSection(SolutionProperties) = preSolution
		HideSolutionNode = FALSE
	EndGlobalSection
EndGlobal
