
Microsoft Visual Studio Solution File, Format Version 10.00
# Visual Studio 2008
Project("{FAE04EC0-301F-11D3-BF4B-00C04F79EFBC}") = "RunActivity", "RunActivity\RunActivity.csproj", "{9BE44F64-417D-4AA6-AF4D-2A6A0CBC814D}"
EndProject
Project("{FAE04EC0-301F-11D3-BF4B-00C04F79EFBC}") = "Menu", "Menu\Menu.csproj", "{F732CB79-68A0-4121-9B7B-482769CD4C73}"
EndProject
Project("{FAE04EC0-301F-11D3-BF4B-00C04F79EFBC}") = "Launcher", "Launcher\Launcher.csproj", "{7027354D-7C20-4514-BCEB-177CD7D58952}"
EndProject
Project("{FAE04EC0-301F-11D3-BF4B-00C04F79EFBC}") = "MenuWPF", "MenuWPF\MenuWPF.csproj", "{CC4ED7FB-8A6E-4D85-8719-1C510A106978}"
EndProject
Global
	GlobalSection(SolutionConfigurationPlatforms) = preSolution
		Debug|Any CPU = Debug|Any CPU
		Debug|Mixed Platforms = Debug|Mixed Platforms
		Debug|x86 = Debug|x86
		Release|Any CPU = Release|Any CPU
		Release|Mixed Platforms = Release|Mixed Platforms
		Release|x86 = Release|x86
	EndGlobalSection
	GlobalSection(ProjectConfigurationPlatforms) = postSolution
		{9BE44F64-417D-4AA6-AF4D-2A6A0CBC814D}.Debug|Any CPU.ActiveCfg = Debug|x86
		{9BE44F64-417D-4AA6-AF4D-2A6A0CBC814D}.Debug|Mixed Platforms.ActiveCfg = Debug|x86
		{9BE44F64-417D-4AA6-AF4D-2A6A0CBC814D}.Debug|Mixed Platforms.Build.0 = Debug|x86
		{9BE44F64-417D-4AA6-AF4D-2A6A0CBC814D}.Debug|x86.ActiveCfg = Debug|x86
		{9BE44F64-417D-4AA6-AF4D-2A6A0CBC814D}.Debug|x86.Build.0 = Debug|x86
		{9BE44F64-417D-4AA6-AF4D-2A6A0CBC814D}.Release|Any CPU.ActiveCfg = Release|x86
		{9BE44F64-417D-4AA6-AF4D-2A6A0CBC814D}.Release|Mixed Platforms.ActiveCfg = Release|x86
		{9BE44F64-417D-4AA6-AF4D-2A6A0CBC814D}.Release|Mixed Platforms.Build.0 = Release|x86
		{9BE44F64-417D-4AA6-AF4D-2A6A0CBC814D}.Release|x86.ActiveCfg = Release|x86
		{9BE44F64-417D-4AA6-AF4D-2A6A0CBC814D}.Release|x86.Build.0 = Release|x86
		{F732CB79-68A0-4121-9B7B-482769CD4C73}.Debug|Any CPU.ActiveCfg = Debug|Any CPU
		{F732CB79-68A0-4121-9B7B-482769CD4C73}.Debug|Any CPU.Build.0 = Debug|Any CPU
		{F732CB79-68A0-4121-9B7B-482769CD4C73}.Debug|Mixed Platforms.ActiveCfg = Debug|Any CPU
		{F732CB79-68A0-4121-9B7B-482769CD4C73}.Debug|Mixed Platforms.Build.0 = Debug|Any CPU
		{F732CB79-68A0-4121-9B7B-482769CD4C73}.Debug|x86.ActiveCfg = Debug|Any CPU
		{F732CB79-68A0-4121-9B7B-482769CD4C73}.Release|Any CPU.ActiveCfg = Release|Any CPU
		{F732CB79-68A0-4121-9B7B-482769CD4C73}.Release|Any CPU.Build.0 = Release|Any CPU
		{F732CB79-68A0-4121-9B7B-482769CD4C73}.Release|Mixed Platforms.ActiveCfg = Release|Any CPU
		{F732CB79-68A0-4121-9B7B-482769CD4C73}.Release|Mixed Platforms.Build.0 = Release|Any CPU
		{F732CB79-68A0-4121-9B7B-482769CD4C73}.Release|x86.ActiveCfg = Release|Any CPU
		{7027354D-7C20-4514-BCEB-177CD7D58952}.Debug|Any CPU.ActiveCfg = Debug|Any CPU
		{7027354D-7C20-4514-BCEB-177CD7D58952}.Debug|Any CPU.Build.0 = Debug|Any CPU
		{7027354D-7C20-4514-BCEB-177CD7D58952}.Debug|Mixed Platforms.ActiveCfg = Debug|Any CPU
		{7027354D-7C20-4514-BCEB-177CD7D58952}.Debug|Mixed Platforms.Build.0 = Debug|Any CPU
		{7027354D-7C20-4514-BCEB-177CD7D58952}.Debug|x86.ActiveCfg = Debug|Any CPU
		{7027354D-7C20-4514-BCEB-177CD7D58952}.Release|Any CPU.ActiveCfg = Release|Any CPU
		{7027354D-7C20-4514-BCEB-177CD7D58952}.Release|Any CPU.Build.0 = Release|Any CPU
		{7027354D-7C20-4514-BCEB-177CD7D58952}.Release|Mixed Platforms.ActiveCfg = Release|Any CPU
		{7027354D-7C20-4514-BCEB-177CD7D58952}.Release|Mixed Platforms.Build.0 = Release|Any CPU
		{7027354D-7C20-4514-BCEB-177CD7D58952}.Release|x86.ActiveCfg = Release|Any CPU
		{CC4ED7FB-8A6E-4D85-8719-1C510A106978}.Debug|Any CPU.ActiveCfg = Debug|Any CPU
		{CC4ED7FB-8A6E-4D85-8719-1C510A106978}.Debug|Any CPU.Build.0 = Debug|Any CPU
		{CC4ED7FB-8A6E-4D85-8719-1C510A106978}.Debug|Mixed Platforms.ActiveCfg = Debug|Any CPU
		{CC4ED7FB-8A6E-4D85-8719-1C510A106978}.Debug|Mixed Platforms.Build.0 = Debug|Any CPU
		{CC4ED7FB-8A6E-4D85-8719-1C510A106978}.Debug|x86.ActiveCfg = Debug|Any CPU
		{CC4ED7FB-8A6E-4D85-8719-1C510A106978}.Release|Any CPU.ActiveCfg = Release|Any CPU
		{CC4ED7FB-8A6E-4D85-8719-1C510A106978}.Release|Any CPU.Build.0 = Release|Any CPU
		{CC4ED7FB-8A6E-4D85-8719-1C510A106978}.Release|Mixed Platforms.ActiveCfg = Release|Any CPU
		{CC4ED7FB-8A6E-4D85-8719-1C510A106978}.Release|Mixed Platforms.Build.0 = Release|Any CPU
		{CC4ED7FB-8A6E-4D85-8719-1C510A106978}.Release|x86.ActiveCfg = Release|Any CPU
		{6A004DB6-7114-41A2-B2BE-FB2B65F014FD}.Debug|Any CPU.ActiveCfg = Debug|x86
		{6A004DB6-7114-41A2-B2BE-FB2B65F014FD}.Debug|Mixed Platforms.ActiveCfg = Debug|x86
		{6A004DB6-7114-41A2-B2BE-FB2B65F014FD}.Debug|x86.ActiveCfg = Debug|x86
		{6A004DB6-7114-41A2-B2BE-FB2B65F014FD}.Release|Any CPU.ActiveCfg = Release|x86
		{6A004DB6-7114-41A2-B2BE-FB2B65F014FD}.Release|Mixed Platforms.ActiveCfg = Release|x86
		{6A004DB6-7114-41A2-B2BE-FB2B65F014FD}.Release|x86.ActiveCfg = Release|x86
	EndGlobalSection
	GlobalSection(SolutionProperties) = preSolution
		HideSolutionNode = FALSE
	EndGlobalSection
EndGlobal
