Microsoft Visual Studio Solution File, Format Version 10.00
# Visual Studio 2008
Project("{8BC9CEB8-8B4A-11D0-8D11-00A0C91BC942}") = "ALc", "Alc\ALc.vcproj", "{9E16DFA7-61EB-45D9-97A1-B590A3C5FCA1}"
EndProject
Project("{8BC9CEB8-8B4A-11D0-8D11-00A0C91BC942}") = "ALu", "Alu\ALu.vcproj", "{DEA4F3E4-75DB-4C78-947C-40BB7FFD3B44}"
EndProject
Project("{8BC9CEB8-8B4A-11D0-8D11-00A0C91BC942}") = "OpenAL32", "OpenAL32\OpenAL32.vcproj", "{DC6C7281-068A-4BEC-8A37-6613198345F5}"
	ProjectSection(ProjectDependencies) = postProject
		{DEA4F3E4-75DB-4C78-947C-40BB7FFD3B44} = {DEA4F3E4-75DB-4C78-947C-40BB7FFD3B44}
		{9E16DFA7-61EB-45D9-97A1-B590A3C5FCA1} = {9E16DFA7-61EB-45D9-97A1-B590A3C5FCA1}
	EndProjectSection
EndProject
Global
	GlobalSection(SolutionConfigurationPlatforms) = preSolution
		Debug|Win32 = Debug|Win32
		Debug|x64 = Debug|x64
		Release|Win32 = Release|Win32
		Release|x64 = Release|x64
	EndGlobalSection
	GlobalSection(ProjectConfigurationPlatforms) = postSolution
		{9E16DFA7-61EB-45D9-97A1-B590A3C5FCA1}.Debug|Win32.ActiveCfg = Debug|Win32
		{9E16DFA7-61EB-45D9-97A1-B590A3C5FCA1}.Debug|Win32.Build.0 = Debug|Win32
		{9E16DFA7-61EB-45D9-97A1-B590A3C5FCA1}.Debug|x64.ActiveCfg = Debug|x64
		{9E16DFA7-61EB-45D9-97A1-B590A3C5FCA1}.Debug|x64.Build.0 = Debug|x64
		{9E16DFA7-61EB-45D9-97A1-B590A3C5FCA1}.Release|Win32.ActiveCfg = Release|Win32
		{9E16DFA7-61EB-45D9-97A1-B590A3C5FCA1}.Release|Win32.Build.0 = Release|Win32
		{9E16DFA7-61EB-45D9-97A1-B590A3C5FCA1}.Release|x64.ActiveCfg = Release|x64
		{9E16DFA7-61EB-45D9-97A1-B590A3C5FCA1}.Release|x64.Build.0 = Release|x64
		{DEA4F3E4-75DB-4C78-947C-40BB7FFD3B44}.Debug|Win32.ActiveCfg = Debug|Win32
		{DEA4F3E4-75DB-4C78-947C-40BB7FFD3B44}.Debug|Win32.Build.0 = Debug|Win32
		{DEA4F3E4-75DB-4C78-947C-40BB7FFD3B44}.Debug|x64.ActiveCfg = Debug|x64
		{DEA4F3E4-75DB-4C78-947C-40BB7FFD3B44}.Debug|x64.Build.0 = Debug|x64
		{DEA4F3E4-75DB-4C78-947C-40BB7FFD3B44}.Release|Win32.ActiveCfg = Release|Win32
		{DEA4F3E4-75DB-4C78-947C-40BB7FFD3B44}.Release|Win32.Build.0 = Release|Win32
		{DEA4F3E4-75DB-4C78-947C-40BB7FFD3B44}.Release|x64.ActiveCfg = Release|x64
		{DEA4F3E4-75DB-4C78-947C-40BB7FFD3B44}.Release|x64.Build.0 = Release|x64
		{DC6C7281-068A-4BEC-8A37-6613198345F5}.Debug|Win32.ActiveCfg = Debug|Win32
		{DC6C7281-068A-4BEC-8A37-6613198345F5}.Debug|Win32.Build.0 = Debug|Win32
		{DC6C7281-068A-4BEC-8A37-6613198345F5}.Debug|x64.ActiveCfg = Debug|x64
		{DC6C7281-068A-4BEC-8A37-6613198345F5}.Debug|x64.Build.0 = Debug|x64
		{DC6C7281-068A-4BEC-8A37-6613198345F5}.Release|Win32.ActiveCfg = Release|Win32
		{DC6C7281-068A-4BEC-8A37-6613198345F5}.Release|Win32.Build.0 = Release|Win32
		{DC6C7281-068A-4BEC-8A37-6613198345F5}.Release|x64.ActiveCfg = Release|x64
		{DC6C7281-068A-4BEC-8A37-6613198345F5}.Release|x64.Build.0 = Release|x64
	EndGlobalSection
	GlobalSection(SolutionProperties) = preSolution
		HideSolutionNode = FALSE
	EndGlobalSection
EndGlobal
